// !$*UTF8*$!
{
	archiveVersion = 1;
	classes = {
	};
	objectVersion = 56;
	objects = {

/* Begin PBXBuildFile section */
		9ECBA2F5299FDD0D00CCB9B2 /* favoriteViewController.swift in Sources */ = {isa = PBXBuildFile; fileRef = 9ECBA2F4299FDD0D00CCB9B2 /* favoriteViewController.swift */; };
		9ECBA2F7299FDD6200CCB9B2 /* favoriteCell.swift in Sources */ = {isa = PBXBuildFile; fileRef = 9ECBA2F6299FDD6200CCB9B2 /* favoriteCell.swift */; };
		BC5E70E9299FBFEF002C7F69 /* Fixture-Standing-Teams view.swift in Sources */ = {isa = PBXBuildFile; fileRef = BC5E70E8299FBFEF002C7F69 /* Fixture-Standing-Teams view.swift */; };
		BC5E70EB299FC21D002C7F69 /* FixturesCollectionViewCell.swift in Sources */ = {isa = PBXBuildFile; fileRef = BC5E70EA299FC21D002C7F69 /* FixturesCollectionViewCell.swift */; };
		BC5E70ED299FC233002C7F69 /* TeamsCollectionViewCell.swift in Sources */ = {isa = PBXBuildFile; fileRef = BC5E70EC299FC233002C7F69 /* TeamsCollectionViewCell.swift */; };
		BC5E70EF299FC2C7002C7F69 /* StandingTableViewCell.swift in Sources */ = {isa = PBXBuildFile; fileRef = BC5E70EE299FC2C7002C7F69 /* StandingTableViewCell.swift */; };
		BCA14CCC299E8750005461B0 /* SportsTypes.swift in Sources */ = {isa = PBXBuildFile; fileRef = BCA14CCB299E8750005461B0 /* SportsTypes.swift */; };
		BCA14CCE299E9E5C005461B0 /* LeaguesViewController.swift in Sources */ = {isa = PBXBuildFile; fileRef = BCA14CCD299E9E5C005461B0 /* LeaguesViewController.swift */; };
		BCA14CD0299E9F42005461B0 /* LeaguesCells.swift in Sources */ = {isa = PBXBuildFile; fileRef = BCA14CCF299E9F42005461B0 /* LeaguesCells.swift */; };
		BCA14CD3299EABE3005461B0 /* UIScrollView_InfiniteScroll in Frameworks */ = {isa = PBXBuildFile; productRef = BCA14CD2299EABE3005461B0 /* UIScrollView_InfiniteScroll */; };
		E232FA3C299BAB0300156D4C /* AppDelegate.swift in Sources */ = {isa = PBXBuildFile; fileRef = E232FA3B299BAB0300156D4C /* AppDelegate.swift */; };
		E232FA3E299BAB0300156D4C /* SceneDelegate.swift in Sources */ = {isa = PBXBuildFile; fileRef = E232FA3D299BAB0300156D4C /* SceneDelegate.swift */; };
		E232FA40299BAB0300156D4C /* HomeVC.swift in Sources */ = {isa = PBXBuildFile; fileRef = E232FA3F299BAB0300156D4C /* HomeVC.swift */; };
		E232FA43299BAB0300156D4C /* Main.storyboard in Resources */ = {isa = PBXBuildFile; fileRef = E232FA41299BAB0300156D4C /* Main.storyboard */; };
		E232FA46299BAB0300156D4C /* SportsAppDemo.xcdatamodeld in Sources */ = {isa = PBXBuildFile; fileRef = E232FA44299BAB0300156D4C /* SportsAppDemo.xcdatamodeld */; };
		E232FA48299BAB0400156D4C /* Assets.xcassets in Resources */ = {isa = PBXBuildFile; fileRef = E232FA47299BAB0400156D4C /* Assets.xcassets */; };
		E232FA4B299BAB0400156D4C /* LaunchScreen.storyboard in Resources */ = {isa = PBXBuildFile; fileRef = E232FA49299BAB0400156D4C /* LaunchScreen.storyboard */; };
		E2B00C7B299D1F900068D393 /* NetworkManger.swift in Sources */ = {isa = PBXBuildFile; fileRef = E2B00C7A299D1F900068D393 /* NetworkManger.swift */; };
		E2B00C7F299D1FB80068D393 /* CoreDataManger.swift in Sources */ = {isa = PBXBuildFile; fileRef = E2B00C7E299D1FB80068D393 /* CoreDataManger.swift */; };
		E2B00C81299D1FCF0068D393 /* Fixtures.swift in Sources */ = {isa = PBXBuildFile; fileRef = E2B00C80299D1FCF0068D393 /* Fixtures.swift */; };
		E2B00C85299D46FE0068D393 /* WalkThroughVC.swift in Sources */ = {isa = PBXBuildFile; fileRef = E2B00C84299D46FE0068D393 /* WalkThroughVC.swift */; };
		E2B00C89299D48150068D393 /* WalkThroughCell.swift in Sources */ = {isa = PBXBuildFile; fileRef = E2B00C87299D48150068D393 /* WalkThroughCell.swift */; };
		E2B00C8A299D48150068D393 /* WalkThroughCell.xib in Resources */ = {isa = PBXBuildFile; fileRef = E2B00C88299D48150068D393 /* WalkThroughCell.xib */; };
		E2B00C8C299E1C660068D393 /* WalkThroughModel.swift in Sources */ = {isa = PBXBuildFile; fileRef = E2B00C8B299E1C660068D393 /* WalkThroughModel.swift */; };
		E45285C694A1EA4402826676 /* Pods_SportsAppDemo.framework in Frameworks */ = {isa = PBXBuildFile; fileRef = D2E010973811740904827639 /* Pods_SportsAppDemo.framework */; };
/* End PBXBuildFile section */

/* Begin PBXFileReference section */
		0F68947C382DC74E11015AD9 /* Pods-SportsAppDemo.debug.xcconfig */ = {isa = PBXFileReference; includeInIndex = 1; lastKnownFileType = text.xcconfig; name = "Pods-SportsAppDemo.debug.xcconfig"; path = "Target Support Files/Pods-SportsAppDemo/Pods-SportsAppDemo.debug.xcconfig"; sourceTree = "<group>"; };
		9ECBA2F4299FDD0D00CCB9B2 /* favoriteViewController.swift */ = {isa = PBXFileReference; lastKnownFileType = sourcecode.swift; path = favoriteViewController.swift; sourceTree = "<group>"; };
		9ECBA2F6299FDD6200CCB9B2 /* favoriteCell.swift */ = {isa = PBXFileReference; lastKnownFileType = sourcecode.swift; path = favoriteCell.swift; sourceTree = "<group>"; };
		A3907D9FAB1635F07DB768C3 /* Pods-SportsAppDemo.release.xcconfig */ = {isa = PBXFileReference; includeInIndex = 1; lastKnownFileType = text.xcconfig; name = "Pods-SportsAppDemo.release.xcconfig"; path = "Target Support Files/Pods-SportsAppDemo/Pods-SportsAppDemo.release.xcconfig"; sourceTree = "<group>"; };
		BC5E70E8299FBFEF002C7F69 /* Fixture-Standing-Teams view.swift */ = {isa = PBXFileReference; lastKnownFileType = sourcecode.swift; path = "Fixture-Standing-Teams view.swift"; sourceTree = "<group>"; };
		BC5E70EA299FC21D002C7F69 /* FixturesCollectionViewCell.swift */ = {isa = PBXFileReference; lastKnownFileType = sourcecode.swift; path = FixturesCollectionViewCell.swift; sourceTree = "<group>"; };
		BC5E70EC299FC233002C7F69 /* TeamsCollectionViewCell.swift */ = {isa = PBXFileReference; lastKnownFileType = sourcecode.swift; path = TeamsCollectionViewCell.swift; sourceTree = "<group>"; };
		BC5E70EE299FC2C7002C7F69 /* StandingTableViewCell.swift */ = {isa = PBXFileReference; lastKnownFileType = sourcecode.swift; path = StandingTableViewCell.swift; sourceTree = "<group>"; };
		BCA14CCB299E8750005461B0 /* SportsTypes.swift */ = {isa = PBXFileReference; lastKnownFileType = sourcecode.swift; path = SportsTypes.swift; sourceTree = "<group>"; };
		BCA14CCD299E9E5C005461B0 /* LeaguesViewController.swift */ = {isa = PBXFileReference; lastKnownFileType = sourcecode.swift; path = LeaguesViewController.swift; sourceTree = "<group>"; };
		BCA14CCF299E9F42005461B0 /* LeaguesCells.swift */ = {isa = PBXFileReference; lastKnownFileType = sourcecode.swift; path = LeaguesCells.swift; sourceTree = "<group>"; };
		D2E010973811740904827639 /* Pods_SportsAppDemo.framework */ = {isa = PBXFileReference; explicitFileType = wrapper.framework; includeInIndex = 0; path = Pods_SportsAppDemo.framework; sourceTree = BUILT_PRODUCTS_DIR; };
		E232FA38299BAB0300156D4C /* SportsAppDemo.app */ = {isa = PBXFileReference; explicitFileType = wrapper.application; includeInIndex = 0; path = SportsAppDemo.app; sourceTree = BUILT_PRODUCTS_DIR; };
		E232FA3B299BAB0300156D4C /* AppDelegate.swift */ = {isa = PBXFileReference; lastKnownFileType = sourcecode.swift; path = AppDelegate.swift; sourceTree = "<group>"; };
		E232FA3D299BAB0300156D4C /* SceneDelegate.swift */ = {isa = PBXFileReference; lastKnownFileType = sourcecode.swift; path = SceneDelegate.swift; sourceTree = "<group>"; };
		E232FA3F299BAB0300156D4C /* HomeVC.swift */ = {isa = PBXFileReference; lastKnownFileType = sourcecode.swift; path = HomeVC.swift; sourceTree = "<group>"; };
		E232FA42299BAB0300156D4C /* Base */ = {isa = PBXFileReference; lastKnownFileType = file.storyboard; name = Base; path = Base.lproj/Main.storyboard; sourceTree = "<group>"; };
		E232FA45299BAB0300156D4C /* SportsAppDemo.xcdatamodel */ = {isa = PBXFileReference; lastKnownFileType = wrapper.xcdatamodel; path = SportsAppDemo.xcdatamodel; sourceTree = "<group>"; };
		E232FA47299BAB0400156D4C /* Assets.xcassets */ = {isa = PBXFileReference; lastKnownFileType = folder.assetcatalog; path = Assets.xcassets; sourceTree = "<group>"; };
		E232FA4A299BAB0400156D4C /* Base */ = {isa = PBXFileReference; lastKnownFileType = file.storyboard; name = Base; path = Base.lproj/LaunchScreen.storyboard; sourceTree = "<group>"; };
		E232FA4C299BAB0400156D4C /* Info.plist */ = {isa = PBXFileReference; lastKnownFileType = text.plist.xml; path = Info.plist; sourceTree = "<group>"; };
		E2B00C7A299D1F900068D393 /* NetworkManger.swift */ = {isa = PBXFileReference; lastKnownFileType = sourcecode.swift; path = NetworkManger.swift; sourceTree = "<group>"; };
		E2B00C7E299D1FB80068D393 /* CoreDataManger.swift */ = {isa = PBXFileReference; lastKnownFileType = sourcecode.swift; path = CoreDataManger.swift; sourceTree = "<group>"; };
		E2B00C80299D1FCF0068D393 /* Fixtures.swift */ = {isa = PBXFileReference; lastKnownFileType = sourcecode.swift; path = Fixtures.swift; sourceTree = "<group>"; };
		E2B00C84299D46FE0068D393 /* WalkThroughVC.swift */ = {isa = PBXFileReference; lastKnownFileType = sourcecode.swift; path = WalkThroughVC.swift; sourceTree = "<group>"; };
		E2B00C87299D48150068D393 /* WalkThroughCell.swift */ = {isa = PBXFileReference; lastKnownFileType = sourcecode.swift; path = WalkThroughCell.swift; sourceTree = "<group>"; };
		E2B00C88299D48150068D393 /* WalkThroughCell.xib */ = {isa = PBXFileReference; lastKnownFileType = file.xib; path = WalkThroughCell.xib; sourceTree = "<group>"; };
		E2B00C8B299E1C660068D393 /* WalkThroughModel.swift */ = {isa = PBXFileReference; lastKnownFileType = sourcecode.swift; path = WalkThroughModel.swift; sourceTree = "<group>"; };
/* End PBXFileReference section */

/* Begin PBXFrameworksBuildPhase section */
		E232FA35299BAB0300156D4C /* Frameworks */ = {
			isa = PBXFrameworksBuildPhase;
			buildActionMask = 2147483647;
			files = (
				E45285C694A1EA4402826676 /* Pods_SportsAppDemo.framework in Frameworks */,
				BCA14CD3299EABE3005461B0 /* UIScrollView_InfiniteScroll in Frameworks */,
			);
			runOnlyForDeploymentPostprocessing = 0;
		};
/* End PBXFrameworksBuildPhase section */

/* Begin PBXGroup section */
		2C5171522A52D0C8E1F1766C /* Pods */ = {
			isa = PBXGroup;
			children = (
				0F68947C382DC74E11015AD9 /* Pods-SportsAppDemo.debug.xcconfig */,
				A3907D9FAB1635F07DB768C3 /* Pods-SportsAppDemo.release.xcconfig */,
			);
			path = Pods;
			sourceTree = "<group>";
		};
		51559789E399A3D54D405124 /* Frameworks */ = {
			isa = PBXGroup;
			children = (
				D2E010973811740904827639 /* Pods_SportsAppDemo.framework */,
			);
			name = Frameworks;
			sourceTree = "<group>";
		};
		E232FA2F299BAB0300156D4C = {
			isa = PBXGroup;
			children = (
				E232FA3A299BAB0300156D4C /* SportsAppDemo */,
				E232FA39299BAB0300156D4C /* Products */,
				2C5171522A52D0C8E1F1766C /* Pods */,
				51559789E399A3D54D405124 /* Frameworks */,
			);
			sourceTree = "<group>";
		};
		E232FA39299BAB0300156D4C /* Products */ = {
			isa = PBXGroup;
			children = (
				E232FA38299BAB0300156D4C /* SportsAppDemo.app */,
			);
			name = Products;
			sourceTree = "<group>";
		};
		E232FA3A299BAB0300156D4C /* SportsAppDemo */ = {
			isa = PBXGroup;
			children = (
				E2B00C79299D1F600068D393 /* Utilities */,
				E2B00C77299D1F360068D393 /* Models */,
				E2B00C76299D1F2D0068D393 /* Mangers */,
				E2B00C78299D1F4C0068D393 /* ViewControllers */,
				E232FA54299C2CD900156D4C /* Views */,
				E232FA4C299BAB0400156D4C /* Info.plist */,
				E232FA44299BAB0300156D4C /* SportsAppDemo.xcdatamodeld */,
			);
			path = SportsAppDemo;
			sourceTree = "<group>";
		};
		E232FA54299C2CD900156D4C /* Views */ = {
			isa = PBXGroup;
			children = (
				E2B00C86299D47EE0068D393 /* Reusable Views */,
				E232FA41299BAB0300156D4C /* Main.storyboard */,
				E232FA49299BAB0400156D4C /* LaunchScreen.storyboard */,
			);
			path = Views;
			sourceTree = "<group>";
		};
		E2B00C76299D1F2D0068D393 /* Mangers */ = {
			isa = PBXGroup;
			children = (
				E2B00C7A299D1F900068D393 /* NetworkManger.swift */,
				E2B00C7E299D1FB80068D393 /* CoreDataManger.swift */,
			);
			path = Mangers;
			sourceTree = "<group>";
		};
		E2B00C77299D1F360068D393 /* Models */ = {
			isa = PBXGroup;
			children = (
				E2B00C80299D1FCF0068D393 /* Fixtures.swift */,
				E2B00C8B299E1C660068D393 /* WalkThroughModel.swift */,
			);
			path = Models;
			sourceTree = "<group>";
		};
		E2B00C78299D1F4C0068D393 /* ViewControllers */ = {
			isa = PBXGroup;
			children = (
				E232FA3F299BAB0300156D4C /* HomeVC.swift */,
				BCA14CCB299E8750005461B0 /* SportsTypes.swift */,
				BCA14CCD299E9E5C005461B0 /* LeaguesViewController.swift */,
				BCA14CCF299E9F42005461B0 /* LeaguesCells.swift */,
				BC5E70E8299FBFEF002C7F69 /* Fixture-Standing-Teams view.swift */,
				BC5E70EA299FC21D002C7F69 /* FixturesCollectionViewCell.swift */,
				BC5E70EE299FC2C7002C7F69 /* StandingTableViewCell.swift */,
				BC5E70EC299FC233002C7F69 /* TeamsCollectionViewCell.swift */,
				E2B00C84299D46FE0068D393 /* WalkThroughVC.swift */,
				9ECBA2F4299FDD0D00CCB9B2 /* favoriteViewController.swift */,
				9ECBA2F6299FDD6200CCB9B2 /* favoriteCell.swift */,
			);
			path = ViewControllers;
			sourceTree = "<group>";
		};
		E2B00C79299D1F600068D393 /* Utilities */ = {
			isa = PBXGroup;
			children = (
				E232FA47299BAB0400156D4C /* Assets.xcassets */,
				E232FA3B299BAB0300156D4C /* AppDelegate.swift */,
				E232FA3D299BAB0300156D4C /* SceneDelegate.swift */,
			);
			path = Utilities;
			sourceTree = "<group>";
		};
		E2B00C86299D47EE0068D393 /* Reusable Views */ = {
			isa = PBXGroup;
			children = (
				E2B00C87299D48150068D393 /* WalkThroughCell.swift */,
				E2B00C88299D48150068D393 /* WalkThroughCell.xib */,
			);
			path = "Reusable Views";
			sourceTree = "<group>";
		};
/* End PBXGroup section */

/* Begin PBXNativeTarget section */
		E232FA37299BAB0300156D4C /* SportsAppDemo */ = {
			isa = PBXNativeTarget;
			buildConfigurationList = E232FA4F299BAB0400156D4C /* Build configuration list for PBXNativeTarget "SportsAppDemo" */;
			buildPhases = (
				9F898AD1394FA2B8B54FE5F9 /* [CP] Check Pods Manifest.lock */,
				E232FA34299BAB0300156D4C /* Sources */,
				E232FA35299BAB0300156D4C /* Frameworks */,
				E232FA36299BAB0300156D4C /* Resources */,
				2BBC58F83EA65E0ED8D8186B /* [CP] Embed Pods Frameworks */,
			);
			buildRules = (
			);
			dependencies = (
			);
			name = SportsAppDemo;
			packageProductDependencies = (
				BCA14CD2299EABE3005461B0 /* UIScrollView_InfiniteScroll */,
			);
			productName = SportsAppDemo;
			productReference = E232FA38299BAB0300156D4C /* SportsAppDemo.app */;
			productType = "com.apple.product-type.application";
		};
/* End PBXNativeTarget section */

/* Begin PBXProject section */
		E232FA30299BAB0300156D4C /* Project object */ = {
			isa = PBXProject;
			attributes = {
				BuildIndependentTargetsInParallel = 1;
				LastSwiftUpdateCheck = 1420;
				LastUpgradeCheck = 1420;
				TargetAttributes = {
					E232FA37299BAB0300156D4C = {
						CreatedOnToolsVersion = 14.2;
					};
				};
			};
			buildConfigurationList = E232FA33299BAB0300156D4C /* Build configuration list for PBXProject "SportsAppDemo" */;
			compatibilityVersion = "Xcode 14.0";
			developmentRegion = en;
			hasScannedForEncodings = 0;
			knownRegions = (
				en,
				Base,
			);
			mainGroup = E232FA2F299BAB0300156D4C;
			packageReferences = (
				BCA14CD1299EABE3005461B0 /* XCRemoteSwiftPackageReference "UIScrollView-InfiniteScroll" */,
			);
			productRefGroup = E232FA39299BAB0300156D4C /* Products */;
			projectDirPath = "";
			projectRoot = "";
			targets = (
				E232FA37299BAB0300156D4C /* SportsAppDemo */,
			);
		};
/* End PBXProject section */

/* Begin PBXResourcesBuildPhase section */
		E232FA36299BAB0300156D4C /* Resources */ = {
			isa = PBXResourcesBuildPhase;
			buildActionMask = 2147483647;
			files = (
				E2B00C8A299D48150068D393 /* WalkThroughCell.xib in Resources */,
				E232FA4B299BAB0400156D4C /* LaunchScreen.storyboard in Resources */,
				E232FA48299BAB0400156D4C /* Assets.xcassets in Resources */,
				E232FA43299BAB0300156D4C /* Main.storyboard in Resources */,
			);
			runOnlyForDeploymentPostprocessing = 0;
		};
/* End PBXResourcesBuildPhase section */

/* Begin PBXShellScriptBuildPhase section */
		2BBC58F83EA65E0ED8D8186B /* [CP] Embed Pods Frameworks */ = {
			isa = PBXShellScriptBuildPhase;
			buildActionMask = 2147483647;
			files = (
			);
			inputFileListPaths = (
				"${PODS_ROOT}/Target Support Files/Pods-SportsAppDemo/Pods-SportsAppDemo-frameworks-${CONFIGURATION}-input-files.xcfilelist",
			);
			name = "[CP] Embed Pods Frameworks";
			outputFileListPaths = (
				"${PODS_ROOT}/Target Support Files/Pods-SportsAppDemo/Pods-SportsAppDemo-frameworks-${CONFIGURATION}-output-files.xcfilelist",
			);
			runOnlyForDeploymentPostprocessing = 0;
			shellPath = /bin/sh;
			shellScript = "\"${PODS_ROOT}/Target Support Files/Pods-SportsAppDemo/Pods-SportsAppDemo-frameworks.sh\"\n";
			showEnvVarsInLog = 0;
		};
		9F898AD1394FA2B8B54FE5F9 /* [CP] Check Pods Manifest.lock */ = {
			isa = PBXShellScriptBuildPhase;
			buildActionMask = 2147483647;
			files = (
			);
			inputFileListPaths = (
			);
			inputPaths = (
				"${PODS_PODFILE_DIR_PATH}/Podfile.lock",
				"${PODS_ROOT}/Manifest.lock",
			);
			name = "[CP] Check Pods Manifest.lock";
			outputFileListPaths = (
			);
			outputPaths = (
				"$(DERIVED_FILE_DIR)/Pods-SportsAppDemo-checkManifestLockResult.txt",
			);
			runOnlyForDeploymentPostprocessing = 0;
			shellPath = /bin/sh;
			shellScript = "diff \"${PODS_PODFILE_DIR_PATH}/Podfile.lock\" \"${PODS_ROOT}/Manifest.lock\" > /dev/null\nif [ $? != 0 ] ; then\n    # print error to STDERR\n    echo \"error: The sandbox is not in sync with the Podfile.lock. Run 'pod install' or update your CocoaPods installation.\" >&2\n    exit 1\nfi\n# This output is used by Xcode 'outputs' to avoid re-running this script phase.\necho \"SUCCESS\" > \"${SCRIPT_OUTPUT_FILE_0}\"\n";
			showEnvVarsInLog = 0;
		};
/* End PBXShellScriptBuildPhase section */

/* Begin PBXSourcesBuildPhase section */
		E232FA34299BAB0300156D4C /* Sources */ = {
			isa = PBXSourcesBuildPhase;
			buildActionMask = 2147483647;
			files = (
				E2B00C7B299D1F900068D393 /* NetworkManger.swift in Sources */,
				E232FA40299BAB0300156D4C /* HomeVC.swift in Sources */,
				E232FA3C299BAB0300156D4C /* AppDelegate.swift in Sources */,
				BC5E70EB299FC21D002C7F69 /* FixturesCollectionViewCell.swift in Sources */,
				E232FA3E299BAB0300156D4C /* SceneDelegate.swift in Sources */,
				BC5E70E9299FBFEF002C7F69 /* Fixture-Standing-Teams view.swift in Sources */,
				E2B00C89299D48150068D393 /* WalkThroughCell.swift in Sources */,
				E2B00C7F299D1FB80068D393 /* CoreDataManger.swift in Sources */,
				BCA14CD0299E9F42005461B0 /* LeaguesCells.swift in Sources */,
				BC5E70ED299FC233002C7F69 /* TeamsCollectionViewCell.swift in Sources */,
				E2B00C81299D1FCF0068D393 /* Fixtures.swift in Sources */,
				E232FA46299BAB0300156D4C /* SportsAppDemo.xcdatamodeld in Sources */,
				BCA14CCC299E8750005461B0 /* SportsTypes.swift in Sources */,
				9ECBA2F7299FDD6200CCB9B2 /* favoriteCell.swift in Sources */,
				BC5E70EF299FC2C7002C7F69 /* StandingTableViewCell.swift in Sources */,
				9ECBA2F5299FDD0D00CCB9B2 /* favoriteViewController.swift in Sources */,
				E2B00C8C299E1C660068D393 /* WalkThroughModel.swift in Sources */,
				E2B00C85299D46FE0068D393 /* WalkThroughVC.swift in Sources */,
				BCA14CCE299E9E5C005461B0 /* LeaguesViewController.swift in Sources */,
			);
			runOnlyForDeploymentPostprocessing = 0;
		};
/* End PBXSourcesBuildPhase section */

/* Begin PBXVariantGroup section */
		E232FA41299BAB0300156D4C /* Main.storyboard */ = {
			isa = PBXVariantGroup;
			children = (
				E232FA42299BAB0300156D4C /* Base */,
			);
			name = Main.storyboard;
			sourceTree = "<group>";
		};
		E232FA49299BAB0400156D4C /* LaunchScreen.storyboard */ = {
			isa = PBXVariantGroup;
			children = (
				E232FA4A299BAB0400156D4C /* Base */,
			);
			name = LaunchScreen.storyboard;
			sourceTree = "<group>";
		};
/* End PBXVariantGroup section */

/* Begin XCBuildConfiguration section */
		E232FA4D299BAB0400156D4C /* Debug */ = {
			isa = XCBuildConfiguration;
			buildSettings = {
				ALWAYS_SEARCH_USER_PATHS = NO;
				CLANG_ANALYZER_NONNULL = YES;
				CLANG_ANALYZER_NUMBER_OBJECT_CONVERSION = YES_AGGRESSIVE;
				CLANG_CXX_LANGUAGE_STANDARD = "gnu++20";
				CLANG_ENABLE_MODULES = YES;
				CLANG_ENABLE_OBJC_ARC = YES;
				CLANG_ENABLE_OBJC_WEAK = YES;
				CLANG_WARN_BLOCK_CAPTURE_AUTORELEASING = YES;
				CLANG_WARN_BOOL_CONVERSION = YES;
				CLANG_WARN_COMMA = YES;
				CLANG_WARN_CONSTANT_CONVERSION = YES;
				CLANG_WARN_DEPRECATED_OBJC_IMPLEMENTATIONS = YES;
				CLANG_WARN_DIRECT_OBJC_ISA_USAGE = YES_ERROR;
				CLANG_WARN_DOCUMENTATION_COMMENTS = YES;
				CLANG_WARN_EMPTY_BODY = YES;
				CLANG_WARN_ENUM_CONVERSION = YES;
				CLANG_WARN_INFINITE_RECURSION = YES;
				CLANG_WARN_INT_CONVERSION = YES;
				CLANG_WARN_NON_LITERAL_NULL_CONVERSION = YES;
				CLANG_WARN_OBJC_IMPLICIT_RETAIN_SELF = YES;
				CLANG_WARN_OBJC_LITERAL_CONVERSION = YES;
				CLANG_WARN_OBJC_ROOT_CLASS = YES_ERROR;
				CLANG_WARN_QUOTED_INCLUDE_IN_FRAMEWORK_HEADER = YES;
				CLANG_WARN_RANGE_LOOP_ANALYSIS = YES;
				CLANG_WARN_STRICT_PROTOTYPES = YES;
				CLANG_WARN_SUSPICIOUS_MOVE = YES;
				CLANG_WARN_UNGUARDED_AVAILABILITY = YES_AGGRESSIVE;
				CLANG_WARN_UNREACHABLE_CODE = YES;
				CLANG_WARN__DUPLICATE_METHOD_MATCH = YES;
				COPY_PHASE_STRIP = NO;
				DEBUG_INFORMATION_FORMAT = dwarf;
				ENABLE_STRICT_OBJC_MSGSEND = YES;
				ENABLE_TESTABILITY = YES;
				GCC_C_LANGUAGE_STANDARD = gnu11;
				GCC_DYNAMIC_NO_PIC = NO;
				GCC_NO_COMMON_BLOCKS = YES;
				GCC_OPTIMIZATION_LEVEL = 0;
				GCC_PREPROCESSOR_DEFINITIONS = (
					"DEBUG=1",
					"$(inherited)",
				);
				GCC_WARN_64_TO_32_BIT_CONVERSION = YES;
				GCC_WARN_ABOUT_RETURN_TYPE = YES_ERROR;
				GCC_WARN_UNDECLARED_SELECTOR = YES;
				GCC_WARN_UNINITIALIZED_AUTOS = YES_AGGRESSIVE;
				GCC_WARN_UNUSED_FUNCTION = YES;
				GCC_WARN_UNUSED_VARIABLE = YES;
				IPHONEOS_DEPLOYMENT_TARGET = 16.2;
				MTL_ENABLE_DEBUG_INFO = INCLUDE_SOURCE;
				MTL_FAST_MATH = YES;
				ONLY_ACTIVE_ARCH = YES;
				SDKROOT = iphoneos;
				SWIFT_ACTIVE_COMPILATION_CONDITIONS = DEBUG;
				SWIFT_OPTIMIZATION_LEVEL = "-Onone";
			};
			name = Debug;
		};
		E232FA4E299BAB0400156D4C /* Release */ = {
			isa = XCBuildConfiguration;
			buildSettings = {
				ALWAYS_SEARCH_USER_PATHS = NO;
				CLANG_ANALYZER_NONNULL = YES;
				CLANG_ANALYZER_NUMBER_OBJECT_CONVERSION = YES_AGGRESSIVE;
				CLANG_CXX_LANGUAGE_STANDARD = "gnu++20";
				CLANG_ENABLE_MODULES = YES;
				CLANG_ENABLE_OBJC_ARC = YES;
				CLANG_ENABLE_OBJC_WEAK = YES;
				CLANG_WARN_BLOCK_CAPTURE_AUTORELEASING = YES;
				CLANG_WARN_BOOL_CONVERSION = YES;
				CLANG_WARN_COMMA = YES;
				CLANG_WARN_CONSTANT_CONVERSION = YES;
				CLANG_WARN_DEPRECATED_OBJC_IMPLEMENTATIONS = YES;
				CLANG_WARN_DIRECT_OBJC_ISA_USAGE = YES_ERROR;
				CLANG_WARN_DOCUMENTATION_COMMENTS = YES;
				CLANG_WARN_EMPTY_BODY = YES;
				CLANG_WARN_ENUM_CONVERSION = YES;
				CLANG_WARN_INFINITE_RECURSION = YES;
				CLANG_WARN_INT_CONVERSION = YES;
				CLANG_WARN_NON_LITERAL_NULL_CONVERSION = YES;
				CLANG_WARN_OBJC_IMPLICIT_RETAIN_SELF = YES;
				CLANG_WARN_OBJC_LITERAL_CONVERSION = YES;
				CLANG_WARN_OBJC_ROOT_CLASS = YES_ERROR;
				CLANG_WARN_QUOTED_INCLUDE_IN_FRAMEWORK_HEADER = YES;
				CLANG_WARN_RANGE_LOOP_ANALYSIS = YES;
				CLANG_WARN_STRICT_PROTOTYPES = YES;
				CLANG_WARN_SUSPICIOUS_MOVE = YES;
				CLANG_WARN_UNGUARDED_AVAILABILITY = YES_AGGRESSIVE;
				CLANG_WARN_UNREACHABLE_CODE = YES;
				CLANG_WARN__DUPLICATE_METHOD_MATCH = YES;
				COPY_PHASE_STRIP = NO;
				DEBUG_INFORMATION_FORMAT = "dwarf-with-dsym";
				ENABLE_NS_ASSERTIONS = NO;
				ENABLE_STRICT_OBJC_MSGSEND = YES;
				GCC_C_LANGUAGE_STANDARD = gnu11;
				GCC_NO_COMMON_BLOCKS = YES;
				GCC_WARN_64_TO_32_BIT_CONVERSION = YES;
				GCC_WARN_ABOUT_RETURN_TYPE = YES_ERROR;
				GCC_WARN_UNDECLARED_SELECTOR = YES;
				GCC_WARN_UNINITIALIZED_AUTOS = YES_AGGRESSIVE;
				GCC_WARN_UNUSED_FUNCTION = YES;
				GCC_WARN_UNUSED_VARIABLE = YES;
				IPHONEOS_DEPLOYMENT_TARGET = 16.2;
				MTL_ENABLE_DEBUG_INFO = NO;
				MTL_FAST_MATH = YES;
				SDKROOT = iphoneos;
				SWIFT_COMPILATION_MODE = wholemodule;
				SWIFT_OPTIMIZATION_LEVEL = "-O";
				VALIDATE_PRODUCT = YES;
			};
			name = Release;
		};
		E232FA50299BAB0400156D4C /* Debug */ = {
			isa = XCBuildConfiguration;
			baseConfigurationReference = 0F68947C382DC74E11015AD9 /* Pods-SportsAppDemo.debug.xcconfig */;
			buildSettings = {
				ASSETCATALOG_COMPILER_APPICON_NAME = AppIcon;
				ASSETCATALOG_COMPILER_GLOBAL_ACCENT_COLOR_NAME = AccentColor;
				CODE_SIGN_STYLE = Automatic;
				CURRENT_PROJECT_VERSION = 1;
				DEVELOPMENT_TEAM = KQP2A9KA89;
				GENERATE_INFOPLIST_FILE = YES;
				INFOPLIST_FILE = SportsAppDemo/Info.plist;
				INFOPLIST_KEY_UIApplicationSupportsIndirectInputEvents = YES;
				INFOPLIST_KEY_UILaunchStoryboardName = LaunchScreen;
				INFOPLIST_KEY_UIMainStoryboardFile = Main;
				INFOPLIST_KEY_UISupportedInterfaceOrientations_iPad = "UIInterfaceOrientationPortrait UIInterfaceOrientationPortraitUpsideDown UIInterfaceOrientationLandscapeLeft UIInterfaceOrientationLandscapeRight";
				INFOPLIST_KEY_UISupportedInterfaceOrientations_iPhone = "UIInterfaceOrientationPortrait UIInterfaceOrientationLandscapeLeft UIInterfaceOrientationLandscapeRight";
				IPHONEOS_DEPLOYMENT_TARGET = 13.0;
				LD_RUNPATH_SEARCH_PATHS = (
					"$(inherited)",
					"@executable_path/Frameworks",
				);
				MARKETING_VERSION = 1.0;
				PRODUCT_BUNDLE_IDENTIFIER = com.AhmedShawky.SportsAppDemo;
				PRODUCT_NAME = "$(TARGET_NAME)";
				SWIFT_EMIT_LOC_STRINGS = YES;
				SWIFT_VERSION = 5.0;
				TARGETED_DEVICE_FAMILY = "1,2";
			};
			name = Debug;
		};
		E232FA51299BAB0400156D4C /* Release */ = {
			isa = XCBuildConfiguration;
			baseConfigurationReference = A3907D9FAB1635F07DB768C3 /* Pods-SportsAppDemo.release.xcconfig */;
			buildSettings = {
				ASSETCATALOG_COMPILER_APPICON_NAME = AppIcon;
				ASSETCATALOG_COMPILER_GLOBAL_ACCENT_COLOR_NAME = AccentColor;
				CODE_SIGN_STYLE = Automatic;
				CURRENT_PROJECT_VERSION = 1;
				DEVELOPMENT_TEAM = KQP2A9KA89;
				GENERATE_INFOPLIST_FILE = YES;
				INFOPLIST_FILE = SportsAppDemo/Info.plist;
				INFOPLIST_KEY_UIApplicationSupportsIndirectInputEvents = YES;
				INFOPLIST_KEY_UILaunchStoryboardName = LaunchScreen;
				INFOPLIST_KEY_UIMainStoryboardFile = Main;
				INFOPLIST_KEY_UISupportedInterfaceOrientations_iPad = "UIInterfaceOrientationPortrait UIInterfaceOrientationPortraitUpsideDown UIInterfaceOrientationLandscapeLeft UIInterfaceOrientationLandscapeRight";
				INFOPLIST_KEY_UISupportedInterfaceOrientations_iPhone = "UIInterfaceOrientationPortrait UIInterfaceOrientationLandscapeLeft UIInterfaceOrientationLandscapeRight";
				IPHONEOS_DEPLOYMENT_TARGET = 13.0;
				LD_RUNPATH_SEARCH_PATHS = (
					"$(inherited)",
					"@executable_path/Frameworks",
				);
				MARKETING_VERSION = 1.0;
				PRODUCT_BUNDLE_IDENTIFIER = com.AhmedShawky.SportsAppDemo;
				PRODUCT_NAME = "$(TARGET_NAME)";
				SWIFT_EMIT_LOC_STRINGS = YES;
				SWIFT_VERSION = 5.0;
				TARGETED_DEVICE_FAMILY = "1,2";
			};
			name = Release;
		};
/* End XCBuildConfiguration section */

/* Begin XCConfigurationList section */
		E232FA33299BAB0300156D4C /* Build configuration list for PBXProject "SportsAppDemo" */ = {
			isa = XCConfigurationList;
			buildConfigurations = (
				E232FA4D299BAB0400156D4C /* Debug */,
				E232FA4E299BAB0400156D4C /* Release */,
			);
			defaultConfigurationIsVisible = 0;
			defaultConfigurationName = Release;
		};
		E232FA4F299BAB0400156D4C /* Build configuration list for PBXNativeTarget "SportsAppDemo" */ = {
			isa = XCConfigurationList;
			buildConfigurations = (
				E232FA50299BAB0400156D4C /* Debug */,
				E232FA51299BAB0400156D4C /* Release */,
			);
			defaultConfigurationIsVisible = 0;
			defaultConfigurationName = Release;
		};
/* End XCConfigurationList section */

/* Begin XCRemoteSwiftPackageReference section */
		BCA14CD1299EABE3005461B0 /* XCRemoteSwiftPackageReference "UIScrollView-InfiniteScroll" */ = {
			isa = XCRemoteSwiftPackageReference;
			repositoryURL = "https://github.com/pronebird/UIScrollView-InfiniteScroll";
			requirement = {
				kind = upToNextMajorVersion;
				minimumVersion = 1.0.0;
			};
		};
/* End XCRemoteSwiftPackageReference section */

/* Begin XCSwiftPackageProductDependency section */
		BCA14CD2299EABE3005461B0 /* UIScrollView_InfiniteScroll */ = {
			isa = XCSwiftPackageProductDependency;
			package = BCA14CD1299EABE3005461B0 /* XCRemoteSwiftPackageReference "UIScrollView-InfiniteScroll" */;
			productName = UIScrollView_InfiniteScroll;
		};
/* End XCSwiftPackageProductDependency section */

/* Begin XCVersionGroup section */
		E232FA44299BAB0300156D4C /* SportsAppDemo.xcdatamodeld */ = {
			isa = XCVersionGroup;
			children = (
				E232FA45299BAB0300156D4C /* SportsAppDemo.xcdatamodel */,
			);
			currentVersion = E232FA45299BAB0300156D4C /* SportsAppDemo.xcdatamodel */;
			path = SportsAppDemo.xcdatamodeld;
			sourceTree = "<group>";
			versionGroupType = wrapper.xcdatamodel;
		};
/* End XCVersionGroup section */
	};
	rootObject = E232FA30299BAB0300156D4C /* Project object */;
}
